
Microsoft Visual Studio Solution File, Format Version 12.00
# Visual Studio 15
Project("{FAE04EC0-301F-11D3-BF4B-00C04F79EFBC}") = "Air Hocky Table", "Assembly-CSharp-firstpass.csproj", "{3C65DB3E-0B6C-8D41-A14B-DC83B7AAB655}"
EndProject
Project("{FAE04EC0-301F-11D3-BF4B-00C04F79EFBC}") = "Air Hocky Table", "Assembly-CSharp.csproj", "{817A1338-BD4A-5BC5-90EC-4C649D3640D3}"
EndProject
Global
	GlobalSection(SolutionConfigurationPlatforms) = preSolution
		Debug|Any CPU = Debug|Any CPU
		Release|Any CPU = Release|Any CPU
	EndGlobalSection
	GlobalSection(ProjectConfigurationPlatforms) = postSolution
		{3C65DB3E-0B6C-8D41-A14B-DC83B7AAB655}.Debug|Any CPU.ActiveCfg = Debug|Any CPU
		{3C65DB3E-0B6C-8D41-A14B-DC83B7AAB655}.Debug|Any CPU.Build.0 = Debug|Any CPU
		{3C65DB3E-0B6C-8D41-A14B-DC83B7AAB655}.Release|Any CPU.ActiveCfg = Release|Any CPU
		{3C65DB3E-0B6C-8D41-A14B-DC83B7AAB655}.Release|Any CPU.Build.0 = Release|Any CPU
		{817A1338-BD4A-5BC5-90EC-4C649D3640D3}.Debug|Any CPU.ActiveCfg = Debug|Any CPU
		{817A1338-BD4A-5BC5-90EC-4C649D3640D3}.Debug|Any CPU.Build.0 = Debug|Any CPU
		{817A1338-BD4A-5BC5-90EC-4C649D3640D3}.Release|Any CPU.ActiveCfg = Release|Any CPU
		{817A1338-BD4A-5BC5-90EC-4C649D3640D3}.Release|Any CPU.Build.0 = Release|Any CPU
	EndGlobalSection
	GlobalSection(SolutionProperties) = preSolution
		HideSolutionNode = FALSE
	EndGlobalSection
EndGlobal
